
Microsoft Visual Studio Solution File, Format Version 12.00
# Visual Studio Version 16
VisualStudioVersion = 16.0.30204.135
MinimumVisualStudioVersion = 10.0.40219.1
Project("{FAE04EC0-301F-11D3-BF4B-00C04F79EFBC}") = "ChangeFileExtension", "ChangeFileExtension\ChangeFileExtension.csproj", "{E6C45911-3586-400E-BC0B-B145ACA85C05}"
EndProject
Global
	GlobalSection(SolutionConfigurationPlatforms) = preSolution
		Debug|Any CPU = Debug|Any CPU
		Release|Any CPU = Release|Any CPU
	EndGlobalSection
	GlobalSection(ProjectConfigurationPlatforms) = postSolution
		{E6C45911-3586-400E-BC0B-B145ACA85C05}.Debug|Any CPU.ActiveCfg = Debug|Any CPU
		{E6C45911-3586-400E-BC0B-B145ACA85C05}.Debug|Any CPU.Build.0 = Debug|Any CPU
		{E6C45911-3586-400E-BC0B-B145ACA85C05}.Release|Any CPU.ActiveCfg = Release|Any CPU
		{E6C45911-3586-400E-BC0B-B145ACA85C05}.Release|Any CPU.Build.0 = Release|Any CPU
	EndGlobalSection
	GlobalSection(SolutionProperties) = preSolution
		HideSolutionNode = FALSE
	EndGlobalSection
	GlobalSection(ExtensibilityGlobals) = postSolution
		SolutionGuid = {80EA2898-E0C6-472E-8CB6-81585AB76C93}
	EndGlobalSection
EndGlobal
